
Microsoft Visual Studio Solution File, Format Version 12.00
# Visual Studio Version 16
VisualStudioVersion = 16.0.29230.47
MinimumVisualStudioVersion = 10.0.40219.1
Project("{FAE04EC0-301F-11D3-BF4B-00C04F79EFBC}") = "Lab6", "Lab6\Lab6.csproj", "{0CC71C90-95B4-4723-B69D-0914659A4B77}"
EndProject
Global
	GlobalSection(SolutionConfigurationPlatforms) = preSolution
		Debug|Any CPU = Debug|Any CPU
		Release|Any CPU = Release|Any CPU
	EndGlobalSection
	GlobalSection(ProjectConfigurationPlatforms) = postSolution
		{0CC71C90-95B4-4723-B69D-0914659A4B77}.Debug|Any CPU.ActiveCfg = Debug|Any CPU
		{0CC71C90-95B4-4723-B69D-0914659A4B77}.Debug|Any CPU.Build.0 = Debug|Any CPU
		{0CC71C90-95B4-4723-B69D-0914659A4B77}.Release|Any CPU.ActiveCfg = Release|Any CPU
		{0CC71C90-95B4-4723-B69D-0914659A4B77}.Release|Any CPU.Build.0 = Release|Any CPU
	EndGlobalSection
	GlobalSection(SolutionProperties) = preSolution
		HideSolutionNode = FALSE
	EndGlobalSection
	GlobalSection(ExtensibilityGlobals) = postSolution
		SolutionGuid = {B59A75CD-CC78-4DE5-8DC6-D739937BD366}
	EndGlobalSection
EndGlobal
